{
    "name": "openmemory",
    "lockfileVersion": 3,
    "requires": true,
    "packages": {
        "": {
            "name": "openmemory",
            "hasInstallScript": true,
            "devDependencies": {
                "@nathanielsena/claude-commands": "github:natesena/claude-commands"
            }
        },
        "node_modules/@nathanielsena/claude-commands": {
            "version": "1.0.0",
            "resolved": "git+ssh://git@github.com/natesena/claude-commands.git#4165bfb0f52f485f668defb20ab6b6b6c95bca6b",
            "dev": true,
            "hasInstallScript": true,
            "license": "UNLICENSED"
        }
    }
}
